
Microsoft Visual Studio Solution File, Format Version 10.00
# Visual Studio 2008
Project("{8BC9CEB8-8B4A-11D0-8D11-00A0C91BC942}") = "vs2cb", "vs2cb.vcproj", "{A4F47C4D-DB6E-4A9F-82D4-64D6107201D1}"
EndProject
Global
	GlobalSection(SolutionConfigurationPlatforms) = preSolution
		Debug|Win32 = Debug|Win32
		Release|Win32 = Release|Win32
	EndGlobalSection
	GlobalSection(ProjectConfigurationPlatforms) = postSolution
		{A4F47C4D-DB6E-4A9F-82D4-64D6107201D1}.Debug|Win32.ActiveCfg = Debug|Win32
		{A4F47C4D-DB6E-4A9F-82D4-64D6107201D1}.Debug|Win32.Build.0 = Debug|Win32
		{A4F47C4D-DB6E-4A9F-82D4-64D6107201D1}.Release|Win32.ActiveCfg = Release|Win32
		{A4F47C4D-DB6E-4A9F-82D4-64D6107201D1}.Release|Win32.Build.0 = Release|Win32
	EndGlobalSection
	GlobalSection(SolutionProperties) = preSolution
		HideSolutionNode = FALSE
	EndGlobalSection
EndGlobal
